
Microsoft Visual Studio Solution File, Format Version 12.00
# Visual Studio Version 16
VisualStudioVersion = 16.0.31702.278
MinimumVisualStudioVersion = 10.0.40219.1
Project("{9A19103F-16F7-4668-BE54-9A1E7A4F7556}") = "AnimeCollection.DAL", "src\AnimeCollection.DAL\AnimeCollection.DAL.csproj", "{2F578FF7-E167-4CBB-A2E8-6D20CA90709E}"
EndProject
Project("{2150E333-8FDC-42A3-9474-1A3956D46DE8}") = "src", "src", "{0621D50E-3977-49CD-95F9-DBFEEDDD40CD}"
EndProject
Project("{FAE04EC0-301F-11D3-BF4B-00C04F79EFBC}") = "AnimeCollection.API", "src\AnimeCollection.API\AnimeCollection.API.csproj", "{583D14EB-0432-4426-8E4D-3DEC7531E8F7}"
EndProject
Global
	GlobalSection(SolutionConfigurationPlatforms) = preSolution
		Debug|Any CPU = Debug|Any CPU
		Release|Any CPU = Release|Any CPU
	EndGlobalSection
	GlobalSection(ProjectConfigurationPlatforms) = postSolution
		{2F578FF7-E167-4CBB-A2E8-6D20CA90709E}.Debug|Any CPU.ActiveCfg = Debug|Any CPU
		{2F578FF7-E167-4CBB-A2E8-6D20CA90709E}.Debug|Any CPU.Build.0 = Debug|Any CPU
		{2F578FF7-E167-4CBB-A2E8-6D20CA90709E}.Release|Any CPU.ActiveCfg = Release|Any CPU
		{2F578FF7-E167-4CBB-A2E8-6D20CA90709E}.Release|Any CPU.Build.0 = Release|Any CPU
		{583D14EB-0432-4426-8E4D-3DEC7531E8F7}.Debug|Any CPU.ActiveCfg = Debug|Any CPU
		{583D14EB-0432-4426-8E4D-3DEC7531E8F7}.Debug|Any CPU.Build.0 = Debug|Any CPU
		{583D14EB-0432-4426-8E4D-3DEC7531E8F7}.Release|Any CPU.ActiveCfg = Release|Any CPU
		{583D14EB-0432-4426-8E4D-3DEC7531E8F7}.Release|Any CPU.Build.0 = Release|Any CPU
	EndGlobalSection
	GlobalSection(SolutionProperties) = preSolution
		HideSolutionNode = FALSE
	EndGlobalSection
	GlobalSection(NestedProjects) = preSolution
		{2F578FF7-E167-4CBB-A2E8-6D20CA90709E} = {0621D50E-3977-49CD-95F9-DBFEEDDD40CD}
		{583D14EB-0432-4426-8E4D-3DEC7531E8F7} = {0621D50E-3977-49CD-95F9-DBFEEDDD40CD}
	EndGlobalSection
	GlobalSection(ExtensibilityGlobals) = postSolution
		SolutionGuid = {35BD88B0-9AC9-4CD6-8BB2-6942F5154266}
	EndGlobalSection
EndGlobal
